
Microsoft Visual Studio Solution File, Format Version 12.00
# Visual Studio Version 16
VisualStudioVersion = 16.0.29318.209
MinimumVisualStudioVersion = 10.0.40219.1
Project("{FAE04EC0-301F-11D3-BF4B-00C04F79EFBC}") = "ItemControlBindingDemo", "ItemControlBindingDemo\ItemControlBindingDemo.csproj", "{610D5DD6-293A-4BA0-A647-3FF40D463BF0}"
EndProject
Global
	GlobalSection(SolutionConfigurationPlatforms) = preSolution
		Debug|Any CPU = Debug|Any CPU
		Release|Any CPU = Release|Any CPU
	EndGlobalSection
	GlobalSection(ProjectConfigurationPlatforms) = postSolution
		{610D5DD6-293A-4BA0-A647-3FF40D463BF0}.Debug|Any CPU.ActiveCfg = Debug|Any CPU
		{610D5DD6-293A-4BA0-A647-3FF40D463BF0}.Debug|Any CPU.Build.0 = Debug|Any CPU
		{610D5DD6-293A-4BA0-A647-3FF40D463BF0}.Release|Any CPU.ActiveCfg = Release|Any CPU
		{610D5DD6-293A-4BA0-A647-3FF40D463BF0}.Release|Any CPU.Build.0 = Release|Any CPU
	EndGlobalSection
	GlobalSection(SolutionProperties) = preSolution
		HideSolutionNode = FALSE
	EndGlobalSection
	GlobalSection(ExtensibilityGlobals) = postSolution
		SolutionGuid = {0CB4D6E5-822F-4E67-87AF-51CC849B2889}
	EndGlobalSection
EndGlobal
